
Microsoft Visual Studio Solution File, Format Version 12.00
# Visual Studio Version 17
VisualStudioVersion = 17.3.32901.215
MinimumVisualStudioVersion = 10.0.40219.1
Project("{FAE04EC0-301F-11D3-BF4B-00C04F79EFBC}") = "TE_DFA", "TE_DFA.csproj", "{CB4A2CBB-3ACE-4DEB-9797-3D68CD139246}"
EndProject
Global
	GlobalSection(SolutionConfigurationPlatforms) = preSolution
		Debug|Any CPU = Debug|Any CPU
		Release|Any CPU = Release|Any CPU
	EndGlobalSection
	GlobalSection(ProjectConfigurationPlatforms) = postSolution
		{CB4A2CBB-3ACE-4DEB-9797-3D68CD139246}.Debug|Any CPU.ActiveCfg = Debug|Any CPU
		{CB4A2CBB-3ACE-4DEB-9797-3D68CD139246}.Debug|Any CPU.Build.0 = Debug|Any CPU
		{CB4A2CBB-3ACE-4DEB-9797-3D68CD139246}.Release|Any CPU.ActiveCfg = Release|Any CPU
		{CB4A2CBB-3ACE-4DEB-9797-3D68CD139246}.Release|Any CPU.Build.0 = Release|Any CPU
	EndGlobalSection
	GlobalSection(SolutionProperties) = preSolution
		HideSolutionNode = FALSE
	EndGlobalSection
	GlobalSection(ExtensibilityGlobals) = postSolution
		SolutionGuid = {F5583684-B34D-43A4-88F4-32A448D70616}
	EndGlobalSection
EndGlobal
